
Microsoft Visual Studio Solution File, Format Version 12.00
# Visual Studio Version 16
VisualStudioVersion = 16.0.29230.47
MinimumVisualStudioVersion = 10.0.40219.1
Project("{FAE04EC0-301F-11D3-BF4B-00C04F79EFBC}") = "LitRes", "LitRes\LitRes.csproj", "{9C267D9E-EBA0-4DCB-823B-4CA29A9F3861}"
EndProject
Global
	GlobalSection(SolutionConfigurationPlatforms) = preSolution
		Debug|Any CPU = Debug|Any CPU
		Release|Any CPU = Release|Any CPU
	EndGlobalSection
	GlobalSection(ProjectConfigurationPlatforms) = postSolution
		{9C267D9E-EBA0-4DCB-823B-4CA29A9F3861}.Debug|Any CPU.ActiveCfg = Debug|Any CPU
		{9C267D9E-EBA0-4DCB-823B-4CA29A9F3861}.Debug|Any CPU.Build.0 = Debug|Any CPU
		{9C267D9E-EBA0-4DCB-823B-4CA29A9F3861}.Release|Any CPU.ActiveCfg = Release|Any CPU
		{9C267D9E-EBA0-4DCB-823B-4CA29A9F3861}.Release|Any CPU.Build.0 = Release|Any CPU
	EndGlobalSection
	GlobalSection(SolutionProperties) = preSolution
		HideSolutionNode = FALSE
	EndGlobalSection
	GlobalSection(ExtensibilityGlobals) = postSolution
		SolutionGuid = {310D33FA-A4AF-4FCE-9AE2-993593175F71}
	EndGlobalSection
EndGlobal
